<?xml version="1.0" encoding="utf-8"?>
<Project ToolsVersion="4.0" xmlns="http://schemas.microsoft.com/developer/msbuild/2003">
  <ItemGroup>
    <Filter Include="Vex">
      <UniqueIdentifier>{382E880B-A437-887C-2DB3-9E7C99BB937C}</UniqueIdentifier>
    </Filter>
    <Filter Include="Vex\Events">
      <UniqueIdentifier>{1CABA410-0863-E65D-716A-BFB95D41814E}</UniqueIdentifier>
    </Filter>
  </ItemGroup>
  <ItemGroup>
    <ClInclude Include="src\Vex.h" />
    <ClInclude Include="src\Vex\Application.h">
      <Filter>Vex</Filter>
    </ClInclude>
    <ClInclude Include="src\Vex\Core.h">
      <Filter>Vex</Filter>
    </ClInclude>
    <ClInclude Include="src\Vex\EntryPoint.h">
      <Filter>Vex</Filter>
    </ClInclude>
    <ClInclude Include="src\Vex\Events\ApplicationEvent.h">
      <Filter>Vex\Events</Filter>
    </ClInclude>
    <ClInclude Include="src\Vex\Events\Event.h">
      <Filter>Vex\Events</Filter>
    </ClInclude>
    <ClInclude Include="src\Vex\Events\KeyEvent.h">
      <Filter>Vex\Events</Filter>
    </ClInclude>
    <ClInclude Include="src\Vex\Events\MouseEvent.h">
      <Filter>Vex\Events</Filter>
    </ClInclude>
    <ClInclude Include="src\Vex\Log.h">
      <Filter>Vex</Filter>
    </ClInclude>
    <ClInclude Include="src\vxpch.h" />
  </ItemGroup>
  <ItemGroup>
    <ClCompile Include="src\Vex\Application.cpp">
      <Filter>Vex</Filter>
    </ClCompile>
    <ClCompile Include="src\Vex\Log.cpp">
      <Filter>Vex</Filter>
    </ClCompile>
    <ClCompile Include="src\vxpch.cpp" />
  </ItemGroup>
</Project>